
Microsoft Visual Studio Solution File, Format Version 12.00
Project("{FAE04EC0-301F-11D3-BF4B-00C04F79EFBC}") = "SchoolAuthentication", "SchoolAuthentication\SchoolAuthentication.csproj", "{C3CB8D3F-7405-436C-BA8D-470096CFC460}"
EndProject
Project("{2150E333-8FDC-42A3-9474-1A3956D46DE8}") = "ApiHosts", "ApiHosts", "{AFFD4554-9109-472B-9AC4-4E96666991A4}"
EndProject
Project("{2150E333-8FDC-42A3-9474-1A3956D46DE8}") = "Core", "Core", "{2B2C9B95-077F-4379-A91C-FD553566A91B}"
EndProject
Project("{2150E333-8FDC-42A3-9474-1A3956D46DE8}") = "Infrastructure", "Infrastructure", "{AC431492-30BD-49EC-8643-45E45799E24B}"
EndProject
Project("{2150E333-8FDC-42A3-9474-1A3956D46DE8}") = "Presentation", "Presentation", "{658F8915-332F-4807-B1C2-48943F57A51A}"
EndProject
Project("{FAE04EC0-301F-11D3-BF4B-00C04F79EFBC}") = "Domain", "Domain\Domain.csproj", "{155C811C-385E-48CA-9A52-76E9C9876E5F}"
EndProject
Project("{FAE04EC0-301F-11D3-BF4B-00C04F79EFBC}") = "Application", "Application\Application.csproj", "{8DFC6D03-F0B6-4734-AC95-D2688576758F}"
EndProject
Project("{FAE04EC0-301F-11D3-BF4B-00C04F79EFBC}") = "Application.Contracts", "Application.Contracts\Application.Contracts.csproj", "{6FC9FA31-4983-4E58-9E67-755B8ACDA0CF}"
EndProject
Project("{FAE04EC0-301F-11D3-BF4B-00C04F79EFBC}") = "Application.Infrastructure.Contracts", "Application.Infrastructure.Contracts\Application.Infrastructure.Contracts.csproj", "{AA953A6E-4968-49EB-ADDF-BA255DF6B7C3}"
EndProject
Project("{FAE04EC0-301F-11D3-BF4B-00C04F79EFBC}") = "Postgres.Infrastructure", "Postgres.Infrastructure\Postgres.Infrastructure.csproj", "{F39C71FB-542D-4A0A-915D-4C24DA8B5641}"
EndProject
Project("{FAE04EC0-301F-11D3-BF4B-00C04F79EFBC}") = "Presentation.ApiV1", "Presentation.ApiV1\Presentation.ApiV1.csproj", "{B20F0B56-B5BD-489A-B75C-07AA37034B41}"
EndProject
Project("{FAE04EC0-301F-11D3-BF4B-00C04F79EFBC}") = "Presentation.Shared", "Presentation.Shared\Presentation.Shared.csproj", "{90354B9C-289E-4A00-BBAB-8DC32FE38FA6}"
EndProject
Global
	GlobalSection(SolutionConfigurationPlatforms) = preSolution
		Debug|Any CPU = Debug|Any CPU
		Release|Any CPU = Release|Any CPU
	EndGlobalSection
	GlobalSection(ProjectConfigurationPlatforms) = postSolution
		{C3CB8D3F-7405-436C-BA8D-470096CFC460}.Debug|Any CPU.ActiveCfg = Debug|Any CPU
		{C3CB8D3F-7405-436C-BA8D-470096CFC460}.Debug|Any CPU.Build.0 = Debug|Any CPU
		{C3CB8D3F-7405-436C-BA8D-470096CFC460}.Release|Any CPU.ActiveCfg = Release|Any CPU
		{C3CB8D3F-7405-436C-BA8D-470096CFC460}.Release|Any CPU.Build.0 = Release|Any CPU
		{155C811C-385E-48CA-9A52-76E9C9876E5F}.Debug|Any CPU.ActiveCfg = Debug|Any CPU
		{155C811C-385E-48CA-9A52-76E9C9876E5F}.Debug|Any CPU.Build.0 = Debug|Any CPU
		{155C811C-385E-48CA-9A52-76E9C9876E5F}.Release|Any CPU.ActiveCfg = Release|Any CPU
		{155C811C-385E-48CA-9A52-76E9C9876E5F}.Release|Any CPU.Build.0 = Release|Any CPU
		{8DFC6D03-F0B6-4734-AC95-D2688576758F}.Debug|Any CPU.ActiveCfg = Debug|Any CPU
		{8DFC6D03-F0B6-4734-AC95-D2688576758F}.Debug|Any CPU.Build.0 = Debug|Any CPU
		{8DFC6D03-F0B6-4734-AC95-D2688576758F}.Release|Any CPU.ActiveCfg = Release|Any CPU
		{8DFC6D03-F0B6-4734-AC95-D2688576758F}.Release|Any CPU.Build.0 = Release|Any CPU
		{6FC9FA31-4983-4E58-9E67-755B8ACDA0CF}.Debug|Any CPU.ActiveCfg = Debug|Any CPU
		{6FC9FA31-4983-4E58-9E67-755B8ACDA0CF}.Debug|Any CPU.Build.0 = Debug|Any CPU
		{6FC9FA31-4983-4E58-9E67-755B8ACDA0CF}.Release|Any CPU.ActiveCfg = Release|Any CPU
		{6FC9FA31-4983-4E58-9E67-755B8ACDA0CF}.Release|Any CPU.Build.0 = Release|Any CPU
		{AA953A6E-4968-49EB-ADDF-BA255DF6B7C3}.Debug|Any CPU.ActiveCfg = Debug|Any CPU
		{AA953A6E-4968-49EB-ADDF-BA255DF6B7C3}.Debug|Any CPU.Build.0 = Debug|Any CPU
		{AA953A6E-4968-49EB-ADDF-BA255DF6B7C3}.Release|Any CPU.ActiveCfg = Release|Any CPU
		{AA953A6E-4968-49EB-ADDF-BA255DF6B7C3}.Release|Any CPU.Build.0 = Release|Any CPU
		{F39C71FB-542D-4A0A-915D-4C24DA8B5641}.Debug|Any CPU.ActiveCfg = Debug|Any CPU
		{F39C71FB-542D-4A0A-915D-4C24DA8B5641}.Debug|Any CPU.Build.0 = Debug|Any CPU
		{F39C71FB-542D-4A0A-915D-4C24DA8B5641}.Release|Any CPU.ActiveCfg = Release|Any CPU
		{F39C71FB-542D-4A0A-915D-4C24DA8B5641}.Release|Any CPU.Build.0 = Release|Any CPU
		{B20F0B56-B5BD-489A-B75C-07AA37034B41}.Debug|Any CPU.ActiveCfg = Debug|Any CPU
		{B20F0B56-B5BD-489A-B75C-07AA37034B41}.Debug|Any CPU.Build.0 = Debug|Any CPU
		{B20F0B56-B5BD-489A-B75C-07AA37034B41}.Release|Any CPU.ActiveCfg = Release|Any CPU
		{B20F0B56-B5BD-489A-B75C-07AA37034B41}.Release|Any CPU.Build.0 = Release|Any CPU
		{90354B9C-289E-4A00-BBAB-8DC32FE38FA6}.Debug|Any CPU.ActiveCfg = Debug|Any CPU
		{90354B9C-289E-4A00-BBAB-8DC32FE38FA6}.Debug|Any CPU.Build.0 = Debug|Any CPU
		{90354B9C-289E-4A00-BBAB-8DC32FE38FA6}.Release|Any CPU.ActiveCfg = Release|Any CPU
		{90354B9C-289E-4A00-BBAB-8DC32FE38FA6}.Release|Any CPU.Build.0 = Release|Any CPU
	EndGlobalSection
	GlobalSection(NestedProjects) = preSolution
		{C3CB8D3F-7405-436C-BA8D-470096CFC460} = {AFFD4554-9109-472B-9AC4-4E96666991A4}
		{155C811C-385E-48CA-9A52-76E9C9876E5F} = {2B2C9B95-077F-4379-A91C-FD553566A91B}
		{8DFC6D03-F0B6-4734-AC95-D2688576758F} = {2B2C9B95-077F-4379-A91C-FD553566A91B}
		{6FC9FA31-4983-4E58-9E67-755B8ACDA0CF} = {2B2C9B95-077F-4379-A91C-FD553566A91B}
		{AA953A6E-4968-49EB-ADDF-BA255DF6B7C3} = {2B2C9B95-077F-4379-A91C-FD553566A91B}
		{F39C71FB-542D-4A0A-915D-4C24DA8B5641} = {AC431492-30BD-49EC-8643-45E45799E24B}
		{B20F0B56-B5BD-489A-B75C-07AA37034B41} = {658F8915-332F-4807-B1C2-48943F57A51A}
		{90354B9C-289E-4A00-BBAB-8DC32FE38FA6} = {658F8915-332F-4807-B1C2-48943F57A51A}
	EndGlobalSection
EndGlobal
